
Microsoft Visual Studio Solution File, Format Version 12.00
# Visual Studio Version 16
VisualStudioVersion = 16.0.31410.357
MinimumVisualStudioVersion = 10.0.40219.1
Project("{FAE04EC0-301F-11D3-BF4B-00C04F79EFBC}") = "MVVM_2", "MVVM_2\MVVM_2.csproj", "{7422C61D-E916-4D40-AFFD-3280C4FD73F2}"
EndProject
Global
	GlobalSection(SolutionConfigurationPlatforms) = preSolution
		Debug|Any CPU = Debug|Any CPU
		Release|Any CPU = Release|Any CPU
	EndGlobalSection
	GlobalSection(ProjectConfigurationPlatforms) = postSolution
		{7422C61D-E916-4D40-AFFD-3280C4FD73F2}.Debug|Any CPU.ActiveCfg = Debug|Any CPU
		{7422C61D-E916-4D40-AFFD-3280C4FD73F2}.Debug|Any CPU.Build.0 = Debug|Any CPU
		{7422C61D-E916-4D40-AFFD-3280C4FD73F2}.Release|Any CPU.ActiveCfg = Release|Any CPU
		{7422C61D-E916-4D40-AFFD-3280C4FD73F2}.Release|Any CPU.Build.0 = Release|Any CPU
	EndGlobalSection
	GlobalSection(SolutionProperties) = preSolution
		HideSolutionNode = FALSE
	EndGlobalSection
	GlobalSection(ExtensibilityGlobals) = postSolution
		SolutionGuid = {D2DB06C7-E5E6-4FE2-B05D-675DA52E495C}
	EndGlobalSection
EndGlobal
